Microsoft Visual Studio Solution File, Format Version 12.00
# Visual Studio Version 16
VisualStudioVersion = 16.0.30804.86
MinimumVisualStudioVersion = 10.0.40219.1
Project("{2150E333-8FDC-42A3-9474-1A3956D46DE8}") = "ClientApps", "ClientApps", "{1EC32BA6-AA4B-468F-932A-F68905F034BF}"
EndProject
Project("{2150E333-8FDC-42A3-9474-1A3956D46DE8}") = "Service", "Service", "{4F902439-34EB-41DE-88F2-7A6943DB11A0}"
EndProject
Project("{2150E333-8FDC-42A3-9474-1A3956D46DE8}") = "Common", "Common", "{E1D140D9-5080-4A2A-93F5-ABE5128857D7}"
EndProject
Project("{2150E333-8FDC-42A3-9474-1A3956D46DE8}") = "AngularApp", "AngularApp", "{B12E7652-6798-4DCE-B038-3E240181213A}"
EndProject
Project("{9A19103F-16F7-4668-BE54-9A1E7A4F7556}") = "Common.Logging", "Common\Common.Logger\Common.Logging.csproj", "{3A1FD049-B6E3-4B25-AD43-75F3A55F5F72}"
EndProject
Project("{9A19103F-16F7-4668-BE54-9A1E7A4F7556}") = "Common.Behaviours", "Common\Common.Behaviours\Common.Behaviours.csproj", "{D3A59014-8EB2-4A5D-B945-8A4B1B953F4B}"
EndProject
Project("{9A19103F-16F7-4668-BE54-9A1E7A4F7556}") = "Common.Exceptions", "Common\Common.Exceptions\Common.Exceptions.csproj", "{75E21FD6-75AC-4B83-9225-9024BCFE65AE}"
EndProject
Project("{9A19103F-16F7-4668-BE54-9A1E7A4F7556}") = "Common.Events", "Common\Common.Events\Common.Events.csproj", "{E2BD0862-D9C9-45D6-9A59-CFF77EA11914}"
EndProject
Project("{9A19103F-16F7-4668-BE54-9A1E7A4F7556}") = "Common.Settings", "Common\Common.Settings\Common.Settings.csproj", "{A52F3F5F-8F33-4C35-93C6-C5A476C85BD8}"
EndProject
Project("{9A19103F-16F7-4668-BE54-9A1E7A4F7556}") = "Common.Shared", "Common\Common.Shared\Common.Shared.csproj", "{5D647BC9-5A50-4BF2-9DE3-8739294A9104}"
EndProject
Project("{9A19103F-16F7-4668-BE54-9A1E7A4F7556}") = "General.Api", "Service\General.Api\General.Api.csproj", "{A6618890-7CFE-4030-9A5F-AD1A3B6927AF}"
EndProject
Project("{9A19103F-16F7-4668-BE54-9A1E7A4F7556}") = "General.Application", "Service\General.Application\General.Application.csproj", "{21EF75DA-F135-4D78-9A05-59D01783912D}"
EndProject
Project("{9A19103F-16F7-4668-BE54-9A1E7A4F7556}") = "General.Domain", "Service\General.Domain\General.Domain.csproj", "{F6975705-C88D-404B-9853-3760225B014E}"
EndProject
Project("{9A19103F-16F7-4668-BE54-9A1E7A4F7556}") = "General.Infrastructure", "Service\General.Infrastructure\General.Infrastructure.csproj", "{4E7ECF68-2645-4CFF-B8B3-3FFEA59E0AD7}"
EndProject
Global
	GlobalSection(SolutionConfigurationPlatforms) = preSolution
		Debug|Any CPU = Debug|Any CPU
		Release|Any CPU = Release|Any CPU
	EndGlobalSection
	GlobalSection(ProjectConfigurationPlatforms) = postSolution
		{3A1FD049-B6E3-4B25-AD43-75F3A55F5F72}.Debug|Any CPU.ActiveCfg = Debug|Any CPU
		{3A1FD049-B6E3-4B25-AD43-75F3A55F5F72}.Debug|Any CPU.Build.0 = Debug|Any CPU
		{3A1FD049-B6E3-4B25-AD43-75F3A55F5F72}.Release|Any CPU.ActiveCfg = Release|Any CPU
		{3A1FD049-B6E3-4B25-AD43-75F3A55F5F72}.Release|Any CPU.Build.0 = Release|Any CPU
		{D3A59014-8EB2-4A5D-B945-8A4B1B953F4B}.Debug|Any CPU.ActiveCfg = Debug|Any CPU
		{D3A59014-8EB2-4A5D-B945-8A4B1B953F4B}.Debug|Any CPU.Build.0 = Debug|Any CPU
		{D3A59014-8EB2-4A5D-B945-8A4B1B953F4B}.Release|Any CPU.ActiveCfg = Release|Any CPU
		{D3A59014-8EB2-4A5D-B945-8A4B1B953F4B}.Release|Any CPU.Build.0 = Release|Any CPU
		{75E21FD6-75AC-4B83-9225-9024BCFE65AE}.Debug|Any CPU.ActiveCfg = Debug|Any CPU
		{75E21FD6-75AC-4B83-9225-9024BCFE65AE}.Debug|Any CPU.Build.0 = Debug|Any CPU
		{75E21FD6-75AC-4B83-9225-9024BCFE65AE}.Release|Any CPU.ActiveCfg = Release|Any CPU
		{75E21FD6-75AC-4B83-9225-9024BCFE65AE}.Release|Any CPU.Build.0 = Release|Any CPU
		{E2BD0862-D9C9-45D6-9A59-CFF77EA11914}.Debug|Any CPU.ActiveCfg = Debug|Any CPU
		{E2BD0862-D9C9-45D6-9A59-CFF77EA11914}.Debug|Any CPU.Build.0 = Debug|Any CPU
		{E2BD0862-D9C9-45D6-9A59-CFF77EA11914}.Release|Any CPU.ActiveCfg = Release|Any CPU
		{E2BD0862-D9C9-45D6-9A59-CFF77EA11914}.Release|Any CPU.Build.0 = Release|Any CPU
		{A52F3F5F-8F33-4C35-93C6-C5A476C85BD8}.Debug|Any CPU.ActiveCfg = Debug|Any CPU
		{A52F3F5F-8F33-4C35-93C6-C5A476C85BD8}.Debug|Any CPU.Build.0 = Debug|Any CPU
		{A52F3F5F-8F33-4C35-93C6-C5A476C85BD8}.Release|Any CPU.ActiveCfg = Release|Any CPU
		{A52F3F5F-8F33-4C35-93C6-C5A476C85BD8}.Release|Any CPU.Build.0 = Release|Any CPU
		{5D647BC9-5A50-4BF2-9DE3-8739294A9104}.Debug|Any CPU.ActiveCfg = Debug|Any CPU
		{5D647BC9-5A50-4BF2-9DE3-8739294A9104}.Debug|Any CPU.Build.0 = Debug|Any CPU
		{5D647BC9-5A50-4BF2-9DE3-8739294A9104}.Release|Any CPU.ActiveCfg = Release|Any CPU
		{5D647BC9-5A50-4BF2-9DE3-8739294A9104}.Release|Any CPU.Build.0 = Release|Any CPU
		{A6618890-7CFE-4030-9A5F-AD1A3B6927AF}.Debug|Any CPU.ActiveCfg = Debug|Any CPU
		{A6618890-7CFE-4030-9A5F-AD1A3B6927AF}.Debug|Any CPU.Build.0 = Debug|Any CPU
		{A6618890-7CFE-4030-9A5F-AD1A3B6927AF}.Release|Any CPU.ActiveCfg = Release|Any CPU
		{A6618890-7CFE-4030-9A5F-AD1A3B6927AF}.Release|Any CPU.Build.0 = Release|Any CPU
		{21EF75DA-F135-4D78-9A05-59D01783912D}.Debug|Any CPU.ActiveCfg = Debug|Any CPU
		{21EF75DA-F135-4D78-9A05-59D01783912D}.Debug|Any CPU.Build.0 = Debug|Any CPU
		{21EF75DA-F135-4D78-9A05-59D01783912D}.Release|Any CPU.ActiveCfg = Release|Any CPU
		{21EF75DA-F135-4D78-9A05-59D01783912D}.Release|Any CPU.Build.0 = Release|Any CPU
		{F6975705-C88D-404B-9853-3760225B014E}.Debug|Any CPU.ActiveCfg = Debug|Any CPU
		{F6975705-C88D-404B-9853-3760225B014E}.Debug|Any CPU.Build.0 = Debug|Any CPU
		{F6975705-C88D-404B-9853-3760225B014E}.Release|Any CPU.ActiveCfg = Release|Any CPU
		{F6975705-C88D-404B-9853-3760225B014E}.Release|Any CPU.Build.0 = Release|Any CPU
		{4E7ECF68-2645-4CFF-B8B3-3FFEA59E0AD7}.Debug|Any CPU.ActiveCfg = Debug|Any CPU
		{4E7ECF68-2645-4CFF-B8B3-3FFEA59E0AD7}.Debug|Any CPU.Build.0 = Debug|Any CPU
		{4E7ECF68-2645-4CFF-B8B3-3FFEA59E0AD7}.Release|Any CPU.ActiveCfg = Release|Any CPU
		{4E7ECF68-2645-4CFF-B8B3-3FFEA59E0AD7}.Release|Any CPU.Build.0 = Release|Any CPU
	EndGlobalSection
	GlobalSection(SolutionProperties) = preSolution
		HideSolutionNode = FALSE
	EndGlobalSection
	GlobalSection(NestedProjects) = preSolution
		{B12E7652-6798-4DCE-B038-3E240181213A} = {1EC32BA6-AA4B-468F-932A-F68905F034BF}
		{3A1FD049-B6E3-4B25-AD43-75F3A55F5F72} = {E1D140D9-5080-4A2A-93F5-ABE5128857D7}
		{D3A59014-8EB2-4A5D-B945-8A4B1B953F4B} = {E1D140D9-5080-4A2A-93F5-ABE5128857D7}
		{75E21FD6-75AC-4B83-9225-9024BCFE65AE} = {E1D140D9-5080-4A2A-93F5-ABE5128857D7}
		{E2BD0862-D9C9-45D6-9A59-CFF77EA11914} = {E1D140D9-5080-4A2A-93F5-ABE5128857D7}
		{A52F3F5F-8F33-4C35-93C6-C5A476C85BD8} = {E1D140D9-5080-4A2A-93F5-ABE5128857D7}
		{5D647BC9-5A50-4BF2-9DE3-8739294A9104} = {E1D140D9-5080-4A2A-93F5-ABE5128857D7}
		{A6618890-7CFE-4030-9A5F-AD1A3B6927AF} = {4F902439-34EB-41DE-88F2-7A6943DB11A0}
		{21EF75DA-F135-4D78-9A05-59D01783912D} = {4F902439-34EB-41DE-88F2-7A6943DB11A0}
		{F6975705-C88D-404B-9853-3760225B014E} = {4F902439-34EB-41DE-88F2-7A6943DB11A0}
		{4E7ECF68-2645-4CFF-B8B3-3FFEA59E0AD7} = {4F902439-34EB-41DE-88F2-7A6943DB11A0}
	EndGlobalSection
	GlobalSection(ExtensibilityGlobals) = postSolution
		SolutionGuid = {922BD536-9A73-467B-A93F-7BBC765F8F3A}
	EndGlobalSection
EndGlobal
